
Microsoft Visual Studio Solution File, Format Version 12.00
# Visual Studio Version 17
VisualStudioVersion = 17.0.31903.59
MinimumVisualStudioVersion = 10.0.40219.1
Project("{FAE04EC0-301F-11D3-BF4B-00C04F79EFBC}") = "eTickets", "eTickets\eTickets.csproj", "{D126530F-A10D-43AE-99EB-B48C2599D29D}"
EndProject
Global
	GlobalSection(SolutionConfigurationPlatforms) = preSolution
		Debug|Any CPU = Debug|Any CPU
		Release|Any CPU = Release|Any CPU
	EndGlobalSection
	GlobalSection(ProjectConfigurationPlatforms) = postSolution
		{D126530F-A10D-43AE-99EB-B48C2599D29D}.Debug|Any CPU.ActiveCfg = Debug|Any CPU
		{D126530F-A10D-43AE-99EB-B48C2599D29D}.Debug|Any CPU.Build.0 = Debug|Any CPU
		{D126530F-A10D-43AE-99EB-B48C2599D29D}.Release|Any CPU.ActiveCfg = Release|Any CPU
		{D126530F-A10D-43AE-99EB-B48C2599D29D}.Release|Any CPU.Build.0 = Release|Any CPU
	EndGlobalSection
	GlobalSection(SolutionProperties) = preSolution
		HideSolutionNode = FALSE
	EndGlobalSection
	GlobalSection(ExtensibilityGlobals) = postSolution
		SolutionGuid = {AE1E8938-9318-47C2-949E-6F91D785748A}
	EndGlobalSection
EndGlobal
